
Microsoft Visual Studio Solution File, Format Version 12.00
# Visual Studio Version 16
VisualStudioVersion = 16.0.28621.142
MinimumVisualStudioVersion = 10.0.40219.1
Project("{FAE04EC0-301F-11D3-BF4B-00C04F79EFBC}") = "DemoGraphql", "DemoGraphql\DemoGraphql.csproj", "{9FF8AE26-9E07-4F01-9E31-016F4F1C5904}"
EndProject
Global
	GlobalSection(SolutionConfigurationPlatforms) = preSolution
		Debug|Any CPU = Debug|Any CPU
		Release|Any CPU = Release|Any CPU
	EndGlobalSection
	GlobalSection(ProjectConfigurationPlatforms) = postSolution
		{9FF8AE26-9E07-4F01-9E31-016F4F1C5904}.Debug|Any CPU.ActiveCfg = Debug|Any CPU
		{9FF8AE26-9E07-4F01-9E31-016F4F1C5904}.Debug|Any CPU.Build.0 = Debug|Any CPU
		{9FF8AE26-9E07-4F01-9E31-016F4F1C5904}.Release|Any CPU.ActiveCfg = Release|Any CPU
		{9FF8AE26-9E07-4F01-9E31-016F4F1C5904}.Release|Any CPU.Build.0 = Release|Any CPU
	EndGlobalSection
	GlobalSection(SolutionProperties) = preSolution
		HideSolutionNode = FALSE
	EndGlobalSection
	GlobalSection(ExtensibilityGlobals) = postSolution
		SolutionGuid = {95A363C2-7466-46F4-BE0C-5AA762982330}
	EndGlobalSection
EndGlobal
